
Microsoft Visual Studio Solution File, Format Version 12.00
# Visual Studio Version 16
VisualStudioVersion = 16.0.30804.86
MinimumVisualStudioVersion = 10.0.40219.1
Project("{FAE04EC0-301F-11D3-BF4B-00C04F79EFBC}") = "TaskBoardProject", "TaskBoardProjesi\TaskBoardProject.csproj", "{88A46E76-6219-45A9-A6A9-4B8637A0A881}"
EndProject
Project("{FAE04EC0-301F-11D3-BF4B-00C04F79EFBC}") = "Test", "Test\Test.csproj", "{4779EA1C-43EA-4448-A819-1C9D4479ACAC}"
EndProject
Global
	GlobalSection(SolutionConfigurationPlatforms) = preSolution
		Debug|Any CPU = Debug|Any CPU
		Release|Any CPU = Release|Any CPU
	EndGlobalSection
	GlobalSection(ProjectConfigurationPlatforms) = postSolution
		{88A46E76-6219-45A9-A6A9-4B8637A0A881}.Debug|Any CPU.ActiveCfg = Debug|Any CPU
		{88A46E76-6219-45A9-A6A9-4B8637A0A881}.Debug|Any CPU.Build.0 = Debug|Any CPU
		{88A46E76-6219-45A9-A6A9-4B8637A0A881}.Release|Any CPU.ActiveCfg = Release|Any CPU
		{88A46E76-6219-45A9-A6A9-4B8637A0A881}.Release|Any CPU.Build.0 = Release|Any CPU
		{4779EA1C-43EA-4448-A819-1C9D4479ACAC}.Debug|Any CPU.ActiveCfg = Debug|Any CPU
		{4779EA1C-43EA-4448-A819-1C9D4479ACAC}.Debug|Any CPU.Build.0 = Debug|Any CPU
		{4779EA1C-43EA-4448-A819-1C9D4479ACAC}.Release|Any CPU.ActiveCfg = Release|Any CPU
		{4779EA1C-43EA-4448-A819-1C9D4479ACAC}.Release|Any CPU.Build.0 = Release|Any CPU
	EndGlobalSection
	GlobalSection(SolutionProperties) = preSolution
		HideSolutionNode = FALSE
	EndGlobalSection
	GlobalSection(ExtensibilityGlobals) = postSolution
		SolutionGuid = {FAF41EDC-397F-47F2-8778-8D477F64902D}
	EndGlobalSection
EndGlobal
